// !$*UTF8*$!
{
	archiveVersion = 1;
	classes = {
	};
	objectVersion = 46;
	objects = {

/* Begin PBXBuildFile section */
		4909D34302201B0D36ED0AA7 /* Pods_OpenWeatherSwift.framework in Frameworks */ = {isa = PBXBuildFile; fileRef = ABEF7AAF1618FE04518D6EAD /* Pods_OpenWeatherSwift.framework */; };
		AF5ABCFF1E508091008D0857 /* Forecast.swift in Sources */ = {isa = PBXBuildFile; fileRef = AF5ABCFE1E508091008D0857 /* Forecast.swift */; };
		AF7B02E01E5074950083F35F /* Weather.swift in Sources */ = {isa = PBXBuildFile; fileRef = AF7B02DF1E5074950083F35F /* Weather.swift */; };
		AFBA5A1E1E50678F009EA7EF /* OpenWeatherSwift.podspec in Resources */ = {isa = PBXBuildFile; fileRef = AFBA5A1D1E50678F009EA7EF /* OpenWeatherSwift.podspec */; };
		AFCD309D1E4F7B1800545890 /* OpenWeatherSwift.h in Headers */ = {isa = PBXBuildFile; fileRef = AFCD309B1E4F7B1800545890 /* OpenWeatherSwift.h */; settings = {ATTRIBUTES = (Public, ); }; };
		AFCD30A41E4F7B2B00545890 /* OpenWeatherSwift.swift in Sources */ = {isa = PBXBuildFile; fileRef = AFCD30A31E4F7B2B00545890 /* OpenWeatherSwift.swift */; };
/* End PBXBuildFile section */

/* Begin PBXFileReference section */
		36763E9BA8D1C5B323F5003E /* Pods-OpenWeatherSwift.debug.xcconfig */ = {isa = PBXFileReference; includeInIndex = 1; lastKnownFileType = text.xcconfig; name = "Pods-OpenWeatherSwift.debug.xcconfig"; path = "Pods/Target Support Files/Pods-OpenWeatherSwift/Pods-OpenWeatherSwift.debug.xcconfig"; sourceTree = "<group>"; };
		ABEF7AAF1618FE04518D6EAD /* Pods_OpenWeatherSwift.framework */ = {isa = PBXFileReference; explicitFileType = wrapper.framework; includeInIndex = 0; path = Pods_OpenWeatherSwift.framework; sourceTree = BUILT_PRODUCTS_DIR; };
		AF5ABCFE1E508091008D0857 /* Forecast.swift */ = {isa = PBXFileReference; fileEncoding = 4; lastKnownFileType = sourcecode.swift; path = Forecast.swift; sourceTree = "<group>"; };
		AF7B02DF1E5074950083F35F /* Weather.swift */ = {isa = PBXFileReference; fileEncoding = 4; lastKnownFileType = sourcecode.swift; path = Weather.swift; sourceTree = "<group>"; };
		AFAB24281E50846700F2D31B /* OpenWeatherSwiftTests.swift */ = {isa = PBXFileReference; lastKnownFileType = sourcecode.swift; path = OpenWeatherSwiftTests.swift; sourceTree = "<group>"; };
		AFAB242A1E50846700F2D31B /* Info.plist */ = {isa = PBXFileReference; lastKnownFileType = text.plist.xml; path = Info.plist; sourceTree = "<group>"; };
		AFBA5A1D1E50678F009EA7EF /* OpenWeatherSwift.podspec */ = {isa = PBXFileReference; fileEncoding = 4; lastKnownFileType = text; path = OpenWeatherSwift.podspec; sourceTree = SOURCE_ROOT; };
		AFCD30981E4F7B1800545890 /* OpenWeatherSwift.framework */ = {isa = PBXFileReference; explicitFileType = wrapper.framework; includeInIndex = 0; path = OpenWeatherSwift.framework; sourceTree = BUILT_PRODUCTS_DIR; };
		AFCD309B1E4F7B1800545890 /* OpenWeatherSwift.h */ = {isa = PBXFileReference; lastKnownFileType = sourcecode.c.h; path = OpenWeatherSwift.h; sourceTree = "<group>"; };
		AFCD309C1E4F7B1800545890 /* Info.plist */ = {isa = PBXFileReference; lastKnownFileType = text.plist.xml; path = Info.plist; sourceTree = "<group>"; };
		AFCD30A31E4F7B2B00545890 /* OpenWeatherSwift.swift */ = {isa = PBXFileReference; fileEncoding = 4; lastKnownFileType = sourcecode.swift; path = OpenWeatherSwift.swift; sourceTree = "<group>"; };
		C82EA37D12FF0D9BD33D4A3F /* Pods_OpenWeatherSwiftTests.framework */ = {isa = PBXFileReference; explicitFileType = wrapper.framework; includeInIndex = 0; path = Pods_OpenWeatherSwiftTests.framework; sourceTree = BUILT_PRODUCTS_DIR; };
		EF51520C2CDE45D3E5186CD8 /* Pods-OpenWeatherSwift.release.xcconfig */ = {isa = PBXFileReference; includeInIndex = 1; lastKnownFileType = text.xcconfig; name = "Pods-OpenWeatherSwift.release.xcconfig"; path = "Pods/Target Support Files/Pods-OpenWeatherSwift/Pods-OpenWeatherSwift.release.xcconfig"; sourceTree = "<group>"; };
/* End PBXFileReference section */

/* Begin PBXFrameworksBuildPhase section */
		AFCD30941E4F7B1800545890 /* Frameworks */ = {
			isa = PBXFrameworksBuildPhase;
			buildActionMask = 2147483647;
			files = (
				4909D34302201B0D36ED0AA7 /* Pods_OpenWeatherSwift.framework in Frameworks */,
			);
			runOnlyForDeploymentPostprocessing = 0;
		};
/* End PBXFrameworksBuildPhase section */

/* Begin PBXGroup section */
		2020E830BEF3625D7EF90628 /* Pods */ = {
			isa = PBXGroup;
			children = (
				36763E9BA8D1C5B323F5003E /* Pods-OpenWeatherSwift.debug.xcconfig */,
				EF51520C2CDE45D3E5186CD8 /* Pods-OpenWeatherSwift.release.xcconfig */,
			);
			name = Pods;
			sourceTree = "<group>";
		};
		832BC8D608201E720E1FE47A /* Frameworks */ = {
			isa = PBXGroup;
			children = (
				ABEF7AAF1618FE04518D6EAD /* Pods_OpenWeatherSwift.framework */,
				C82EA37D12FF0D9BD33D4A3F /* Pods_OpenWeatherSwiftTests.framework */,
			);
			name = Frameworks;
			sourceTree = "<group>";
		};
		AFAB24271E50846700F2D31B /* OpenWeatherSwiftTests */ = {
			isa = PBXGroup;
			children = (
				AFAB24281E50846700F2D31B /* OpenWeatherSwiftTests.swift */,
				AFAB242A1E50846700F2D31B /* Info.plist */,
			);
			path = OpenWeatherSwiftTests;
			sourceTree = "<group>";
		};
		AFCD308E1E4F7B1800545890 = {
			isa = PBXGroup;
			children = (
				AFCD309A1E4F7B1800545890 /* OpenWeatherSwift */,
				AFAB24271E50846700F2D31B /* OpenWeatherSwiftTests */,
				AFCD30991E4F7B1800545890 /* Products */,
				2020E830BEF3625D7EF90628 /* Pods */,
				832BC8D608201E720E1FE47A /* Frameworks */,
			);
			sourceTree = "<group>";
		};
		AFCD30991E4F7B1800545890 /* Products */ = {
			isa = PBXGroup;
			children = (
				AFCD30981E4F7B1800545890 /* OpenWeatherSwift.framework */,
			);
			name = Products;
			sourceTree = "<group>";
		};
		AFCD309A1E4F7B1800545890 /* OpenWeatherSwift */ = {
			isa = PBXGroup;
			children = (
				AFBA5A1D1E50678F009EA7EF /* OpenWeatherSwift.podspec */,
				AFCD30A31E4F7B2B00545890 /* OpenWeatherSwift.swift */,
				AF7B02DF1E5074950083F35F /* Weather.swift */,
				AF5ABCFE1E508091008D0857 /* Forecast.swift */,
				AFCD309B1E4F7B1800545890 /* OpenWeatherSwift.h */,
				AFCD309C1E4F7B1800545890 /* Info.plist */,
			);
			path = OpenWeatherSwift;
			sourceTree = "<group>";
		};
/* End PBXGroup section */

/* Begin PBXHeadersBuildPhase section */
		AFCD30951E4F7B1800545890 /* Headers */ = {
			isa = PBXHeadersBuildPhase;
			buildActionMask = 2147483647;
			files = (
				AFCD309D1E4F7B1800545890 /* OpenWeatherSwift.h in Headers */,
			);
			runOnlyForDeploymentPostprocessing = 0;
		};
/* End PBXHeadersBuildPhase section */

/* Begin PBXNativeTarget section */
		AFCD30971E4F7B1800545890 /* OpenWeatherSwift */ = {
			isa = PBXNativeTarget;
			buildConfigurationList = AFCD30A01E4F7B1800545890 /* Build configuration list for PBXNativeTarget "OpenWeatherSwift" */;
			buildPhases = (
				32D5FB5FAE4C075BB97BF5B5 /* [CP] Check Pods Manifest.lock */,
				AFCD30931E4F7B1800545890 /* Sources */,
				AFCD30941E4F7B1800545890 /* Frameworks */,
				AFCD30951E4F7B1800545890 /* Headers */,
				AFCD30961E4F7B1800545890 /* Resources */,
				E08F21E86C35AAADB51508FF /* [CP] Copy Pods Resources */,
			);
			buildRules = (
			);
			dependencies = (
			);
			name = OpenWeatherSwift;
			productName = OpenWeatherSwift;
			productReference = AFCD30981E4F7B1800545890 /* OpenWeatherSwift.framework */;
			productType = "com.apple.product-type.framework";
		};
/* End PBXNativeTarget section */

/* Begin PBXProject section */
		AFCD308F1E4F7B1800545890 /* Project object */ = {
			isa = PBXProject;
			attributes = {
				LastSwiftUpdateCheck = 0830;
				LastUpgradeCheck = 0910;
				ORGANIZATIONNAME = "Henrik Panhans";
				TargetAttributes = {
					AFCD30971E4F7B1800545890 = {
						CreatedOnToolsVersion = 8.3;
						DevelopmentTeam = FMYBNSCQ2F;
						LastSwiftMigration = 0910;
						ProvisioningStyle = Automatic;
					};
				};
			};
			buildConfigurationList = AFCD30921E4F7B1800545890 /* Build configuration list for PBXProject "OpenWeatherSwift" */;
			compatibilityVersion = "Xcode 3.2";
			developmentRegion = English;
			hasScannedForEncodings = 0;
			knownRegions = (
				en,
			);
			mainGroup = AFCD308E1E4F7B1800545890;
			productRefGroup = AFCD30991E4F7B1800545890 /* Products */;
			projectDirPath = "";
			projectRoot = "";
			targets = (
				AFCD30971E4F7B1800545890 /* OpenWeatherSwift */,
			);
		};
/* End PBXProject section */

/* Begin PBXResourcesBuildPhase section */
		AFCD30961E4F7B1800545890 /* Resources */ = {
			isa = PBXResourcesBuildPhase;
			buildActionMask = 2147483647;
			files = (
				AFBA5A1E1E50678F009EA7EF /* OpenWeatherSwift.podspec in Resources */,
			);
			runOnlyForDeploymentPostprocessing = 0;
		};
/* End PBXResourcesBuildPhase section */

/* Begin PBXShellScriptBuildPhase section */
		32D5FB5FAE4C075BB97BF5B5 /* [CP] Check Pods Manifest.lock */ = {
			isa = PBXShellScriptBuildPhase;
			buildActionMask = 2147483647;
			files = (
			);
			inputPaths = (
			);
			name = "[CP] Check Pods Manifest.lock";
			outputPaths = (
			);
			runOnlyForDeploymentPostprocessing = 0;
			shellPath = /bin/sh;
			shellScript = "diff \"${PODS_ROOT}/../Podfile.lock\" \"${PODS_ROOT}/Manifest.lock\" > /dev/null\nif [ $? != 0 ] ; then\n    # print error to STDERR\n    echo \"error: The sandbox is not in sync with the Podfile.lock. Run 'pod install' or update your CocoaPods installation.\" >&2\n    exit 1\nfi\n";
			showEnvVarsInLog = 0;
		};
		E08F21E86C35AAADB51508FF /* [CP] Copy Pods Resources */ = {
			isa = PBXShellScriptBuildPhase;
			buildActionMask = 2147483647;
			files = (
			);
			inputPaths = (
			);
			name = "[CP] Copy Pods Resources";
			outputPaths = (
			);
			runOnlyForDeploymentPostprocessing = 0;
			shellPath = /bin/sh;
			shellScript = "\"${SRCROOT}/Pods/Target Support Files/Pods-OpenWeatherSwift/Pods-OpenWeatherSwift-resources.sh\"\n";
			showEnvVarsInLog = 0;
		};
/* End PBXShellScriptBuildPhase section */

/* Begin PBXSourcesBuildPhase section */
		AFCD30931E4F7B1800545890 /* Sources */ = {
			isa = PBXSourcesBuildPhase;
			buildActionMask = 2147483647;
			files = (
				AF7B02E01E5074950083F35F /* Weather.swift in Sources */,
				AF5ABCFF1E508091008D0857 /* Forecast.swift in Sources */,
				AFCD30A41E4F7B2B00545890 /* OpenWeatherSwift.swift in Sources */,
			);
			runOnlyForDeploymentPostprocessing = 0;
		};
/* End PBXSourcesBuildPhase section */

/* Begin XCBuildConfiguration section */
		AFCD309E1E4F7B1800545890 /* Debug */ = {
			isa = XCBuildConfiguration;
			buildSettings = {
				ALWAYS_SEARCH_USER_PATHS = NO;
				CLANG_ANALYZER_NONNULL = YES;
				CLANG_ANALYZER_NUMBER_OBJECT_CONVERSION = YES_AGGRESSIVE;
				CLANG_CXX_LANGUAGE_STANDARD = "gnu++0x";
				CLANG_CXX_LIBRARY = "libc++";
				CLANG_ENABLE_MODULES = YES;
				CLANG_ENABLE_OBJC_ARC = YES;
				CLANG_WARN_BLOCK_CAPTURE_AUTORELEASING = YES;
				CLANG_WARN_BOOL_CONVERSION = YES;
				CLANG_WARN_COMMA = YES;
				CLANG_WARN_CONSTANT_CONVERSION = YES;
				CLANG_WARN_DIRECT_OBJC_ISA_USAGE = YES_ERROR;
				CLANG_WARN_DOCUMENTATION_COMMENTS = YES;
				CLANG_WARN_EMPTY_BODY = YES;
				CLANG_WARN_ENUM_CONVERSION = YES;
				CLANG_WARN_INFINITE_RECURSION = YES;
				CLANG_WARN_INT_CONVERSION = YES;
				CLANG_WARN_NON_LITERAL_NULL_CONVERSION = YES;
				CLANG_WARN_OBJC_LITERAL_CONVERSION = YES;
				CLANG_WARN_OBJC_ROOT_CLASS = YES_ERROR;
				CLANG_WARN_RANGE_LOOP_ANALYSIS = YES;
				CLANG_WARN_STRICT_PROTOTYPES = YES;
				CLANG_WARN_SUSPICIOUS_MOVE = YES;
				CLANG_WARN_UNREACHABLE_CODE = YES;
				CLANG_WARN__DUPLICATE_METHOD_MATCH = YES;
				"CODE_SIGN_IDENTITY[sdk=iphoneos*]" = "iPhone Developer";
				COPY_PHASE_STRIP = NO;
				CURRENT_PROJECT_VERSION = 1;
				DEBUG_INFORMATION_FORMAT = dwarf;
				ENABLE_STRICT_OBJC_MSGSEND = YES;
				ENABLE_TESTABILITY = YES;
				GCC_C_LANGUAGE_STANDARD = gnu99;
				GCC_DYNAMIC_NO_PIC = NO;
				GCC_NO_COMMON_BLOCKS = YES;
				GCC_OPTIMIZATION_LEVEL = 0;
				GCC_PREPROCESSOR_DEFINITIONS = (
					"DEBUG=1",
					"$(inherited)",
				);
				GCC_WARN_64_TO_32_BIT_CONVERSION = YES;
				GCC_WARN_ABOUT_RETURN_TYPE = YES_ERROR;
				GCC_WARN_UNDECLARED_SELECTOR = YES;
				GCC_WARN_UNINITIALIZED_AUTOS = YES_AGGRESSIVE;
				GCC_WARN_UNUSED_FUNCTION = YES;
				GCC_WARN_UNUSED_VARIABLE = YES;
				IPHONEOS_DEPLOYMENT_TARGET = 10.3;
				MTL_ENABLE_DEBUG_INFO = YES;
				ONLY_ACTIVE_ARCH = YES;
				SDKROOT = iphoneos;
				SWIFT_ACTIVE_COMPILATION_CONDITIONS = DEBUG;
				SWIFT_OPTIMIZATION_LEVEL = "-Onone";
				TARGETED_DEVICE_FAMILY = "1,2";
				VERSIONING_SYSTEM = "apple-generic";
				VERSION_INFO_PREFIX = "";
			};
			name = Debug;
		};
		AFCD309F1E4F7B1800545890 /* Release */ = {
			isa = XCBuildConfiguration;
			buildSettings = {
				ALWAYS_SEARCH_USER_PATHS = NO;
				CLANG_ANALYZER_NONNULL = YES;
				CLANG_ANALYZER_NUMBER_OBJECT_CONVERSION = YES_AGGRESSIVE;
				CLANG_CXX_LANGUAGE_STANDARD = "gnu++0x";
				CLANG_CXX_LIBRARY = "libc++";
				CLANG_ENABLE_MODULES = YES;
				CLANG_ENABLE_OBJC_ARC = YES;
				CLANG_WARN_BLOCK_CAPTURE_AUTORELEASING = YES;
				CLANG_WARN_BOOL_CONVERSION = YES;
				CLANG_WARN_COMMA = YES;
				CLANG_WARN_CONSTANT_CONVERSION = YES;
				CLANG_WARN_DIRECT_OBJC_ISA_USAGE = YES_ERROR;
				CLANG_WARN_DOCUMENTATION_COMMENTS = YES;
				CLANG_WARN_EMPTY_BODY = YES;
				CLANG_WARN_ENUM_CONVERSION = YES;
				CLANG_WARN_INFINITE_RECURSION = YES;
				CLANG_WARN_INT_CONVERSION = YES;
				CLANG_WARN_NON_LITERAL_NULL_CONVERSION = YES;
				CLANG_WARN_OBJC_LITERAL_CONVERSION = YES;
				CLANG_WARN_OBJC_ROOT_CLASS = YES_ERROR;
				CLANG_WARN_RANGE_LOOP_ANALYSIS = YES;
				CLANG_WARN_STRICT_PROTOTYPES = YES;
				CLANG_WARN_SUSPICIOUS_MOVE = YES;
				CLANG_WARN_UNREACHABLE_CODE = YES;
				CLANG_WARN__DUPLICATE_METHOD_MATCH = YES;
				"CODE_SIGN_IDENTITY[sdk=iphoneos*]" = "iPhone Developer";
				COPY_PHASE_STRIP = NO;
				CURRENT_PROJECT_VERSION = 1;
				DEBUG_INFORMATION_FORMAT = "dwarf-with-dsym";
				ENABLE_NS_ASSERTIONS = NO;
				ENABLE_STRICT_OBJC_MSGSEND = YES;
				GCC_C_LANGUAGE_STANDARD = gnu99;
				GCC_NO_COMMON_BLOCKS = YES;
				GCC_WARN_64_TO_32_BIT_CONVERSION = YES;
				GCC_WARN_ABOUT_RETURN_TYPE = YES_ERROR;
				GCC_WARN_UNDECLARED_SELECTOR = YES;
				GCC_WARN_UNINITIALIZED_AUTOS = YES_AGGRESSIVE;
				GCC_WARN_UNUSED_FUNCTION = YES;
				GCC_WARN_UNUSED_VARIABLE = YES;
				IPHONEOS_DEPLOYMENT_TARGET = 10.3;
				MTL_ENABLE_DEBUG_INFO = NO;
				SDKROOT = iphoneos;
				SWIFT_OPTIMIZATION_LEVEL = "-Owholemodule";
				TARGETED_DEVICE_FAMILY = "1,2";
				VALIDATE_PRODUCT = YES;
				VERSIONING_SYSTEM = "apple-generic";
				VERSION_INFO_PREFIX = "";
			};
			name = Release;
		};
		AFCD30A11E4F7B1800545890 /* Debug */ = {
			isa = XCBuildConfiguration;
			baseConfigurationReference = 36763E9BA8D1C5B323F5003E /* Pods-OpenWeatherSwift.debug.xcconfig */;
			buildSettings = {
				CLANG_ENABLE_MODULES = YES;
				CODE_SIGN_IDENTITY = "";
				DEFINES_MODULE = YES;
				DEVELOPMENT_TEAM = FMYBNSCQ2F;
				DYLIB_COMPATIBILITY_VERSION = 1;
				DYLIB_CURRENT_VERSION = 1;
				DYLIB_INSTALL_NAME_BASE = "@rpath";
				INFOPLIST_FILE = OpenWeatherSwift/Info.plist;
				INSTALL_PATH = "$(LOCAL_LIBRARY_DIR)/Frameworks";
				IPHONEOS_DEPLOYMENT_TARGET = 8.0;
				LD_RUNPATH_SEARCH_PATHS = "$(inherited) @executable_path/Frameworks @loader_path/Frameworks";
				PRODUCT_BUNDLE_IDENTIFIER = com.henrikpanhans.OpenWeatherSwift;
				PRODUCT_NAME = "$(TARGET_NAME)";
				SKIP_INSTALL = YES;
				SWIFT_OPTIMIZATION_LEVEL = "-Onone";
				SWIFT_SWIFT3_OBJC_INFERENCE = On;
				SWIFT_VERSION = 4.0;
			};
			name = Debug;
		};
		AFCD30A21E4F7B1800545890 /* Release */ = {
			isa = XCBuildConfiguration;
			baseConfigurationReference = EF51520C2CDE45D3E5186CD8 /* Pods-OpenWeatherSwift.release.xcconfig */;
			buildSettings = {
				CLANG_ENABLE_MODULES = YES;
				CODE_SIGN_IDENTITY = "";
				DEFINES_MODULE = YES;
				DEVELOPMENT_TEAM = FMYBNSCQ2F;
				DYLIB_COMPATIBILITY_VERSION = 1;
				DYLIB_CURRENT_VERSION = 1;
				DYLIB_INSTALL_NAME_BASE = "@rpath";
				INFOPLIST_FILE = OpenWeatherSwift/Info.plist;
				INSTALL_PATH = "$(LOCAL_LIBRARY_DIR)/Frameworks";
				IPHONEOS_DEPLOYMENT_TARGET = 8.0;
				LD_RUNPATH_SEARCH_PATHS = "$(inherited) @executable_path/Frameworks @loader_path/Frameworks";
				PRODUCT_BUNDLE_IDENTIFIER = com.henrikpanhans.OpenWeatherSwift;
				PRODUCT_NAME = "$(TARGET_NAME)";
				SKIP_INSTALL = YES;
				SWIFT_SWIFT3_OBJC_INFERENCE = On;
				SWIFT_VERSION = 4.0;
			};
			name = Release;
		};
/* End XCBuildConfiguration section */

/* Begin XCConfigurationList section */
		AFCD30921E4F7B1800545890 /* Build configuration list for PBXProject "OpenWeatherSwift" */ = {
			isa = XCConfigurationList;
			buildConfigurations = (
				AFCD309E1E4F7B1800545890 /* Debug */,
				AFCD309F1E4F7B1800545890 /* Release */,
			);
			defaultConfigurationIsVisible = 0;
			defaultConfigurationName = Release;
		};
		AFCD30A01E4F7B1800545890 /* Build configuration list for PBXNativeTarget "OpenWeatherSwift" */ = {
			isa = XCConfigurationList;
			buildConfigurations = (
				AFCD30A11E4F7B1800545890 /* Debug */,
				AFCD30A21E4F7B1800545890 /* Release */,
			);
			defaultConfigurationIsVisible = 0;
			defaultConfigurationName = Release;
		};
/* End XCConfigurationList section */
	};
	rootObject = AFCD308F1E4F7B1800545890 /* Project object */;
}
