{
  "object": {
    "pins": [
      {
        "package": "HPNetwork",
        "repositoryURL": "https://github.com/henrik-dmg/HPNetwork",
        "state": {
          "branch": null,
          "revision": "6e003048cf282537b485216213b36fda4526a361",
          "version": "0.4.2"
        }
      }
    ]
  },
  "version": 1
}
