{
  "object": {
    "pins": [
      {
        "package": "HPNetwork",
        "repositoryURL": "https://github.com/henrik-dmg/HPNetwork",
        "state": {
          "branch": null,
          "revision": "d53c7f3a3596d2e2eb4ff5c290019ee536b48aa1",
          "version": "0.1.2"
        }
      }
    ]
  },
  "version": 1
}
