{
  "object": {
    "pins": [
      {
        "package": "HPNetwork",
        "repositoryURL": "https://github.com/henrik-dmg/HPNetwork",
        "state": {
          "branch": null,
          "revision": "a2d551a984a26568c06e7a7cfd5d2261371d5b73",
          "version": "1.0.0"
        }
      }
    ]
  },
  "version": 1
}
